<Solution>
  <Folder Name="/src/" />
  <Folder Name="/src/Solid/" />
  <Folder Name="/src/Solid/DevWiki.Solid.Dip/">
    <Project Path="src/Solid/DevWiki.Solid.Dip/DevWiki.Solid.Dip.csproj" Id="2aafea57-0eca-428d-b0a2-905bf74fa0ab" />
  </Folder>
  <Folder Name="/src/Solid/DevWiki.Solid.Isp/">
    <Project Path="src/Solid/DevWiki.Solid.Isp/DevWiki.Solid.Isp.csproj" Id="fe0a8d6d-ec79-44a7-a5b4-3f9878026b46" />
  </Folder>
  <Folder Name="/src/Solid/DevWiki.Solid.Lsp/">
    <Project Path="src/Solid/DevWiki.Solid.Lsp/DevWiki.Solid.Lsp.csproj" Id="7e7fc64b-5288-45c0-a45d-9e1b3fd78fbd" />
  </Folder>
  <Folder Name="/src/Solid/DevWiki.Solid.Ocp/">
    <Project Path="src/Solid/DevWiki.Solid.Ocp/DevWiki.Solid.Ocp.csproj" />
  </Folder>
  <Folder Name="/src/Solid/DevWiki.Solid.Shared/">
    <Project Path="src/Solid/DevWiki.Solid.Shared/DevWiki.Solid.Shared.csproj" />
  </Folder>
  <Folder Name="/src/Solid/DevWiki.Solid.Srp/">
    <Project Path="src/Solid/DevWiki.Solid.Srp/DevWiki.Solid.Srp.csproj" />
  </Folder>
</Solution>
